// !$*UTF8*$!
{
	archiveVersion = 1;
	classes = {
	};
	objectVersion = 46;
	objects = {

/* Begin PBXBuildFile section */
		24DD7C301F8090E400F58C19 /* AppDelegate.swift in Sources */ = {isa = PBXBuildFile; fileRef = 24DD7C2F1F8090E400F58C19 /* AppDelegate.swift */; };
		24DD7C321F8090E400F58C19 /* ViewController.swift in Sources */ = {isa = PBXBuildFile; fileRef = 24DD7C311F8090E400F58C19 /* ViewController.swift */; };
		24DD7C351F8090E400F58C19 /* Main.storyboard in Resources */ = {isa = PBXBuildFile; fileRef = 24DD7C331F8090E400F58C19 /* Main.storyboard */; };
		24DD7C371F8090E400F58C19 /* Assets.xcassets in Resources */ = {isa = PBXBuildFile; fileRef = 24DD7C361F8090E400F58C19 /* Assets.xcassets */; };
		24DD7C3A1F8090E400F58C19 /* LaunchScreen.storyboard in Resources */ = {isa = PBXBuildFile; fileRef = 24DD7C381F8090E400F58C19 /* LaunchScreen.storyboard */; };
/* End PBXBuildFile section */

/* Begin PBXFileReference section */
		24DD7C2C1F8090E400F58C19 /* TaskListInterview.app */ = {isa = PBXFileReference; explicitFileType = wrapper.application; includeInIndex = 0; path = TaskListInterview.app; sourceTree = BUILT_PRODUCTS_DIR; };
		24DD7C2F1F8090E400F58C19 /* AppDelegate.swift */ = {isa = PBXFileReference; lastKnownFileType = sourcecode.swift; path = AppDelegate.swift; sourceTree = "<group>"; };
		24DD7C311F8090E400F58C19 /* ViewController.swift */ = {isa = PBXFileReference; lastKnownFileType = sourcecode.swift; path = ViewController.swift; sourceTree = "<group>"; };
		24DD7C341F8090E400F58C19 /* Base */ = {isa = PBXFileReference; lastKnownFileType = file.storyboard; name = Base; path = Base.lproj/Main.storyboard; sourceTree = "<group>"; };
		24DD7C361F8090E400F58C19 /* Assets.xcassets */ = {isa = PBXFileReference; lastKnownFileType = folder.assetcatalog; path = Assets.xcassets; sourceTree = "<group>"; };
		24DD7C391F8090E400F58C19 /* Base */ = {isa = PBXFileReference; lastKnownFileType = file.storyboard; name = Base; path = Base.lproj/LaunchScreen.storyboard; sourceTree = "<group>"; };
		24DD7C3B1F8090E400F58C19 /* Info.plist */ = {isa = PBXFileReference; lastKnownFileType = text.plist.xml; path = Info.plist; sourceTree = "<group>"; };
/* End PBXFileReference section */

/* Begin PBXFrameworksBuildPhase section */
		24DD7C291F8090E300F58C19 /* Frameworks */ = {
			isa = PBXFrameworksBuildPhase;
			buildActionMask = 2147483647;
			files = (
			);
			runOnlyForDeploymentPostprocessing = 0;
		};
/* End PBXFrameworksBuildPhase section */

/* Begin PBXGroup section */
		24DD7C231F8090E300F58C19 = {
			isa = PBXGroup;
			children = (
				24DD7C2E1F8090E400F58C19 /* TaskListInterview */,
				24DD7C2D1F8090E400F58C19 /* Products */,
			);
			sourceTree = "<group>";
		};
		24DD7C2D1F8090E400F58C19 /* Products */ = {
			isa = PBXGroup;
			children = (
				24DD7C2C1F8090E400F58C19 /* TaskListInterview.app */,
			);
			name = Products;
			sourceTree = "<group>";
		};
		24DD7C2E1F8090E400F58C19 /* TaskListInterview */ = {
			isa = PBXGroup;
			children = (
				24DD7C2F1F8090E400F58C19 /* AppDelegate.swift */,
				24DD7C311F8090E400F58C19 /* ViewController.swift */,
				24DD7C331F8090E400F58C19 /* Main.storyboard */,
				24DD7C361F8090E400F58C19 /* Assets.xcassets */,
				24DD7C381F8090E400F58C19 /* LaunchScreen.storyboard */,
				24DD7C3B1F8090E400F58C19 /* Info.plist */,
			);
			path = TaskListInterview;
			sourceTree = "<group>";
		};
/* End PBXGroup section */

/* Begin PBXNativeTarget section */
		24DD7C2B1F8090E300F58C19 /* TaskListInterview */ = {
			isa = PBXNativeTarget;
			buildConfigurationList = 24DD7C3E1F8090E400F58C19 /* Build configuration list for PBXNativeTarget "TaskListInterview" */;
			buildPhases = (
				24DD7C281F8090E300F58C19 /* Sources */,
				24DD7C291F8090E300F58C19 /* Frameworks */,
				24DD7C2A1F8090E300F58C19 /* Resources */,
			);
			buildRules = (
			);
			dependencies = (
			);
			name = TaskListInterview;
			productName = TaskListInterview;
			productReference = 24DD7C2C1F8090E400F58C19 /* TaskListInterview.app */;
			productType = "com.apple.product-type.application";
		};
/* End PBXNativeTarget section */

/* Begin PBXProject section */
		24DD7C241F8090E300F58C19 /* Project object */ = {
			isa = PBXProject;
			attributes = {
				LastSwiftUpdateCheck = 0830;
				LastUpgradeCheck = 0830;
				ORGANIZATIONNAME = awong92;
				TargetAttributes = {
					24DD7C2B1F8090E300F58C19 = {
						CreatedOnToolsVersion = 8.3.3;
						DevelopmentTeam = B9RC6JZJU6;
						ProvisioningStyle = Automatic;
					};
				};
			};
			buildConfigurationList = 24DD7C271F8090E300F58C19 /* Build configuration list for PBXProject "TaskListInterview" */;
			compatibilityVersion = "Xcode 3.2";
			developmentRegion = English;
			hasScannedForEncodings = 0;
			knownRegions = (
				en,
				Base,
			);
			mainGroup = 24DD7C231F8090E300F58C19;
			productRefGroup = 24DD7C2D1F8090E400F58C19 /* Products */;
			projectDirPath = "";
			projectRoot = "";
			targets = (
				24DD7C2B1F8090E300F58C19 /* TaskListInterview */,
			);
		};
/* End PBXProject section */

/* Begin PBXResourcesBuildPhase section */
		24DD7C2A1F8090E300F58C19 /* Resources */ = {
			isa = PBXResourcesBuildPhase;
			buildActionMask = 2147483647;
			files = (
				24DD7C3A1F8090E400F58C19 /* LaunchScreen.storyboard in Resources */,
				24DD7C371F8090E400F58C19 /* Assets.xcassets in Resources */,
				24DD7C351F8090E400F58C19 /* Main.storyboard in Resources */,
			);
			runOnlyForDeploymentPostprocessing = 0;
		};
/* End PBXResourcesBuildPhase section */

/* Begin PBXSourcesBuildPhase section */
		24DD7C281F8090E300F58C19 /* Sources */ = {
			isa = PBXSourcesBuildPhase;
			buildActionMask = 2147483647;
			files = (
				24DD7C321F8090E400F58C19 /* ViewController.swift in Sources */,
				24DD7C301F8090E400F58C19 /* AppDelegate.swift in Sources */,
			);
			runOnlyForDeploymentPostprocessing = 0;
		};
/* End PBXSourcesBuildPhase section */

/* Begin PBXVariantGroup section */
		24DD7C331F8090E400F58C19 /* Main.storyboard */ = {
			isa = PBXVariantGroup;
			children = (
				24DD7C341F8090E400F58C19 /* Base */,
			);
			name = Main.storyboard;
			sourceTree = "<group>";
		};
		24DD7C381F8090E400F58C19 /* LaunchScreen.storyboard */ = {
			isa = PBXVariantGroup;
			children = (
				24DD7C391F8090E400F58C19 /* Base */,
			);
			name = LaunchScreen.storyboard;
			sourceTree = "<group>";
		};
/* End PBXVariantGroup section */

/* Begin XCBuildConfiguration section */
		24DD7C3C1F8090E400F58C19 /* Debug */ = {
			isa = XCBuildConfiguration;
			buildSettings = {
				ALWAYS_SEARCH_USER_PATHS = NO;
				CLANG_ANALYZER_NONNULL = YES;
				CLANG_ANALYZER_NUMBER_OBJECT_CONVERSION = YES_AGGRESSIVE;
				CLANG_CXX_LANGUAGE_STANDARD = "gnu++0x";
				CLANG_CXX_LIBRARY = "libc++";
				CLANG_ENABLE_MODULES = YES;
				CLANG_ENABLE_OBJC_ARC = YES;
				CLANG_WARN_BOOL_CONVERSION = YES;
				CLANG_WARN_CONSTANT_CONVERSION = YES;
				CLANG_WARN_DIRECT_OBJC_ISA_USAGE = YES_ERROR;
				CLANG_WARN_DOCUMENTATION_COMMENTS = YES;
				CLANG_WARN_EMPTY_BODY = YES;
				CLANG_WARN_ENUM_CONVERSION = YES;
				CLANG_WARN_INFINITE_RECURSION = YES;
				CLANG_WARN_INT_CONVERSION = YES;
				CLANG_WARN_OBJC_ROOT_CLASS = YES_ERROR;
				CLANG_WARN_SUSPICIOUS_MOVE = YES;
				CLANG_WARN_UNREACHABLE_CODE = YES;
				CLANG_WARN__DUPLICATE_METHOD_MATCH = YES;
				"CODE_SIGN_IDENTITY[sdk=iphoneos*]" = "iPhone Developer";
				COPY_PHASE_STRIP = NO;
				DEBUG_INFORMATION_FORMAT = dwarf;
				ENABLE_STRICT_OBJC_MSGSEND = YES;
				ENABLE_TESTABILITY = YES;
				GCC_C_LANGUAGE_STANDARD = gnu99;
				GCC_DYNAMIC_NO_PIC = NO;
				GCC_NO_COMMON_BLOCKS = YES;
				GCC_OPTIMIZATION_LEVEL = 0;
				GCC_PREPROCESSOR_DEFINITIONS = (
					"DEBUG=1",
					"$(inherited)",
				);
				GCC_WARN_64_TO_32_BIT_CONVERSION = YES;
				GCC_WARN_ABOUT_RETURN_TYPE = YES_ERROR;
				GCC_WARN_UNDECLARED_SELECTOR = YES;
				GCC_WARN_UNINITIALIZED_AUTOS = YES_AGGRESSIVE;
				GCC_WARN_UNUSED_FUNCTION = YES;
				GCC_WARN_UNUSED_VARIABLE = YES;
				IPHONEOS_DEPLOYMENT_TARGET = 10.3;
				MTL_ENABLE_DEBUG_INFO = YES;
				ONLY_ACTIVE_ARCH = YES;
				SDKROOT = iphoneos;
				SWIFT_ACTIVE_COMPILATION_CONDITIONS = DEBUG;
				SWIFT_OPTIMIZATION_LEVEL = "-Onone";
				TARGETED_DEVICE_FAMILY = "1,2";
			};
			name = Debug;
		};
		24DD7C3D1F8090E400F58C19 /* Release */ = {
			isa = XCBuildConfiguration;
			buildSettings = {
				ALWAYS_SEARCH_USER_PATHS = NO;
				CLANG_ANALYZER_NONNULL = YES;
				CLANG_ANALYZER_NUMBER_OBJECT_CONVERSION = YES_AGGRESSIVE;
				CLANG_CXX_LANGUAGE_STANDARD = "gnu++0x";
				CLANG_CXX_LIBRARY = "libc++";
				CLANG_ENABLE_MODULES = YES;
				CLANG_ENABLE_OBJC_ARC = YES;
				CLANG_WARN_BOOL_CONVERSION = YES;
				CLANG_WARN_CONSTANT_CONVERSION = YES;
				CLANG_WARN_DIRECT_OBJC_ISA_USAGE = YES_ERROR;
				CLANG_WARN_DOCUMENTATION_COMMENTS = YES;
				CLANG_WARN_EMPTY_BODY = YES;
				CLANG_WARN_ENUM_CONVERSION = YES;
				CLANG_WARN_INFINITE_RECURSION = YES;
				CLANG_WARN_INT_CONVERSION = YES;
				CLANG_WARN_OBJC_ROOT_CLASS = YES_ERROR;
				CLANG_WARN_SUSPICIOUS_MOVE = YES;
				CLANG_WARN_UNREACHABLE_CODE = YES;
				CLANG_WARN__DUPLICATE_METHOD_MATCH = YES;
				"CODE_SIGN_IDENTITY[sdk=iphoneos*]" = "iPhone Developer";
				COPY_PHASE_STRIP = NO;
				DEBUG_INFORMATION_FORMAT = "dwarf-with-dsym";
				ENABLE_NS_ASSERTIONS = NO;
				ENABLE_STRICT_OBJC_MSGSEND = YES;
				GCC_C_LANGUAGE_STANDARD = gnu99;
				GCC_NO_COMMON_BLOCKS = YES;
				GCC_WARN_64_TO_32_BIT_CONVERSION = YES;
				GCC_WARN_ABOUT_RETURN_TYPE = YES_ERROR;
				GCC_WARN_UNDECLARED_SELECTOR = YES;
				GCC_WARN_UNINITIALIZED_AUTOS = YES_AGGRESSIVE;
				GCC_WARN_UNUSED_FUNCTION = YES;
				GCC_WARN_UNUSED_VARIABLE = YES;
				IPHONEOS_DEPLOYMENT_TARGET = 10.3;
				MTL_ENABLE_DEBUG_INFO = NO;
				SDKROOT = iphoneos;
				SWIFT_OPTIMIZATION_LEVEL = "-Owholemodule";
				TARGETED_DEVICE_FAMILY = "1,2";
				VALIDATE_PRODUCT = YES;
			};
			name = Release;
		};
		24DD7C3F1F8090E400F58C19 /* Debug */ = {
			isa = XCBuildConfiguration;
			buildSettings = {
				ASSETCATALOG_COMPILER_APPICON_NAME = AppIcon;
				DEVELOPMENT_TEAM = B9RC6JZJU6;
				INFOPLIST_FILE = TaskListInterview/Info.plist;
				LD_RUNPATH_SEARCH_PATHS = "$(inherited) @executable_path/Frameworks";
				PRODUCT_BUNDLE_IDENTIFIER = awong92.TaskListInterview;
				PRODUCT_NAME = "$(TARGET_NAME)";
				SWIFT_VERSION = 3.0;
			};
			name = Debug;
		};
		24DD7C401F8090E400F58C19 /* Release */ = {
			isa = XCBuildConfiguration;
			buildSettings = {
				ASSETCATALOG_COMPILER_APPICON_NAME = AppIcon;
				DEVELOPMENT_TEAM = B9RC6JZJU6;
				INFOPLIST_FILE = TaskListInterview/Info.plist;
				LD_RUNPATH_SEARCH_PATHS = "$(inherited) @executable_path/Frameworks";
				PRODUCT_BUNDLE_IDENTIFIER = awong92.TaskListInterview;
				PRODUCT_NAME = "$(TARGET_NAME)";
				SWIFT_VERSION = 3.0;
			};
			name = Release;
		};
/* End XCBuildConfiguration section */

/* Begin XCConfigurationList section */
		24DD7C271F8090E300F58C19 /* Build configuration list for PBXProject "TaskListInterview" */ = {
			isa = XCConfigurationList;
			buildConfigurations = (
				24DD7C3C1F8090E400F58C19 /* Debug */,
				24DD7C3D1F8090E400F58C19 /* Release */,
			);
			defaultConfigurationIsVisible = 0;
			defaultConfigurationName = Release;
		};
		24DD7C3E1F8090E400F58C19 /* Build configuration list for PBXNativeTarget "TaskListInterview" */ = {
			isa = XCConfigurationList;
			buildConfigurations = (
				24DD7C3F1F8090E400F58C19 /* Debug */,
				24DD7C401F8090E400F58C19 /* Release */,
			);
			defaultConfigurationIsVisible = 0;
		};
/* End XCConfigurationList section */
	};
	rootObject = 24DD7C241F8090E300F58C19 /* Project object */;
}
